// !$*UTF8*$!
{
	archiveVersion = 1;
	classes = {
	};
	objectVersion = 50;
	objects = {

/* Begin PBXBuildFile section */
		2E19B195D275D239023FF41F /* Pods_Disney_Food_Budget_Tracker.framework in Frameworks */ = {isa = PBXBuildFile; fileRef = E07F5C87123D14E48183327A /* Pods_Disney_Food_Budget_Tracker.framework */; };
		593F763AEA6369FC2FF6A954 /* Pods_Disney_Food_Budget_TrackerUITests.framework in Frameworks */ = {isa = PBXBuildFile; fileRef = D4AAE34E7A5D6F27AD9F2EDC /* Pods_Disney_Food_Budget_TrackerUITests.framework */; };
		8C510153D56E8055880BC13F /* Pods_Disney_Food_Budget_TrackerTests.framework in Frameworks */ = {isa = PBXBuildFile; fileRef = B3E75617106B6F02C43CB58F /* Pods_Disney_Food_Budget_TrackerTests.framework */; };
		DA08A27320E448EA00BA91EB /* AppDelegate.swift in Sources */ = {isa = PBXBuildFile; fileRef = DA08A27220E448EA00BA91EB /* AppDelegate.swift */; };
		DA08A27520E448EA00BA91EB /* ViewController.swift in Sources */ = {isa = PBXBuildFile; fileRef = DA08A27420E448EA00BA91EB /* ViewController.swift */; };
		DA08A27820E448EA00BA91EB /* Main.storyboard in Resources */ = {isa = PBXBuildFile; fileRef = DA08A27620E448EA00BA91EB /* Main.storyboard */; };
		DA08A27A20E448EC00BA91EB /* Assets.xcassets in Resources */ = {isa = PBXBuildFile; fileRef = DA08A27920E448EC00BA91EB /* Assets.xcassets */; };
		DA08A27D20E448EC00BA91EB /* LaunchScreen.storyboard in Resources */ = {isa = PBXBuildFile; fileRef = DA08A27B20E448EC00BA91EB /* LaunchScreen.storyboard */; };
		DA08A28820E448EC00BA91EB /* Disney_Food_Budget_TrackerTests.swift in Sources */ = {isa = PBXBuildFile; fileRef = DA08A28720E448EC00BA91EB /* Disney_Food_Budget_TrackerTests.swift */; };
		DA08A29320E448EC00BA91EB /* Disney_Food_Budget_TrackerUITests.swift in Sources */ = {isa = PBXBuildFile; fileRef = DA08A29220E448EC00BA91EB /* Disney_Food_Budget_TrackerUITests.swift */; };
		DA08A2A120E449C600BA91EB /* GoogleService-Info.plist in Resources */ = {isa = PBXBuildFile; fileRef = DA08A2A020E449C600BA91EB /* GoogleService-Info.plist */; };
		DA08A2A220E449C600BA91EB /* GoogleService-Info.plist in Resources */ = {isa = PBXBuildFile; fileRef = DA08A2A020E449C600BA91EB /* GoogleService-Info.plist */; };
		DA08A2A320E449C600BA91EB /* GoogleService-Info.plist in Resources */ = {isa = PBXBuildFile; fileRef = DA08A2A020E449C600BA91EB /* GoogleService-Info.plist */; };
		DA59209620E6C43600A0A043 /* DashboardTableViewController.swift in Sources */ = {isa = PBXBuildFile; fileRef = DA59209520E6C43600A0A043 /* DashboardTableViewController.swift */; };
		DAA270D120E4534700FF3EDC /* CreateNewViewController.swift in Sources */ = {isa = PBXBuildFile; fileRef = DAA270D020E4534700FF3EDC /* CreateNewViewController.swift */; };
/* End PBXBuildFile section */

/* Begin PBXContainerItemProxy section */
		DA08A28420E448EC00BA91EB /* PBXContainerItemProxy */ = {
			isa = PBXContainerItemProxy;
			containerPortal = DA08A26720E448EA00BA91EB /* Project object */;
			proxyType = 1;
			remoteGlobalIDString = DA08A26E20E448EA00BA91EB;
			remoteInfo = "Disney Food Budget Tracker";
		};
		DA08A28F20E448EC00BA91EB /* PBXContainerItemProxy */ = {
			isa = PBXContainerItemProxy;
			containerPortal = DA08A26720E448EA00BA91EB /* Project object */;
			proxyType = 1;
			remoteGlobalIDString = DA08A26E20E448EA00BA91EB;
			remoteInfo = "Disney Food Budget Tracker";
		};
/* End PBXContainerItemProxy section */

/* Begin PBXFileReference section */
		1904E742ADBCC283C9EB95A3 /* Pods-Disney Food Budget TrackerTests.release.xcconfig */ = {isa = PBXFileReference; includeInIndex = 1; lastKnownFileType = text.xcconfig; name = "Pods-Disney Food Budget TrackerTests.release.xcconfig"; path = "Pods/Target Support Files/Pods-Disney Food Budget TrackerTests/Pods-Disney Food Budget TrackerTests.release.xcconfig"; sourceTree = "<group>"; };
		7F2DA774E8E2D692D91DCA9C /* Pods-Disney Food Budget TrackerUITests.release.xcconfig */ = {isa = PBXFileReference; includeInIndex = 1; lastKnownFileType = text.xcconfig; name = "Pods-Disney Food Budget TrackerUITests.release.xcconfig"; path = "Pods/Target Support Files/Pods-Disney Food Budget TrackerUITests/Pods-Disney Food Budget TrackerUITests.release.xcconfig"; sourceTree = "<group>"; };
		9E9296116340B12F234E08A0 /* Pods-Disney Food Budget TrackerTests.debug.xcconfig */ = {isa = PBXFileReference; includeInIndex = 1; lastKnownFileType = text.xcconfig; name = "Pods-Disney Food Budget TrackerTests.debug.xcconfig"; path = "Pods/Target Support Files/Pods-Disney Food Budget TrackerTests/Pods-Disney Food Budget TrackerTests.debug.xcconfig"; sourceTree = "<group>"; };
		A6F80244BF917AF54EDA9014 /* Pods-Disney Food Budget TrackerUITests.debug.xcconfig */ = {isa = PBXFileReference; includeInIndex = 1; lastKnownFileType = text.xcconfig; name = "Pods-Disney Food Budget TrackerUITests.debug.xcconfig"; path = "Pods/Target Support Files/Pods-Disney Food Budget TrackerUITests/Pods-Disney Food Budget TrackerUITests.debug.xcconfig"; sourceTree = "<group>"; };
		B0E9D21D303598A2E0CFCC34 /* Pods-Disney Food Budget Tracker.debug.xcconfig */ = {isa = PBXFileReference; includeInIndex = 1; lastKnownFileType = text.xcconfig; name = "Pods-Disney Food Budget Tracker.debug.xcconfig"; path = "Pods/Target Support Files/Pods-Disney Food Budget Tracker/Pods-Disney Food Budget Tracker.debug.xcconfig"; sourceTree = "<group>"; };
		B3E75617106B6F02C43CB58F /* Pods_Disney_Food_Budget_TrackerTests.framework */ = {isa = PBXFileReference; explicitFileType = wrapper.framework; includeInIndex = 0; path = Pods_Disney_Food_Budget_TrackerTests.framework; sourceTree = BUILT_PRODUCTS_DIR; };
		D4AAE34E7A5D6F27AD9F2EDC /* Pods_Disney_Food_Budget_TrackerUITests.framework */ = {isa = PBXFileReference; explicitFileType = wrapper.framework; includeInIndex = 0; path = Pods_Disney_Food_Budget_TrackerUITests.framework; sourceTree = BUILT_PRODUCTS_DIR; };
		D8C86581E2A954192572A55F /* Pods-Disney Food Budget Tracker.release.xcconfig */ = {isa = PBXFileReference; includeInIndex = 1; lastKnownFileType = text.xcconfig; name = "Pods-Disney Food Budget Tracker.release.xcconfig"; path = "Pods/Target Support Files/Pods-Disney Food Budget Tracker/Pods-Disney Food Budget Tracker.release.xcconfig"; sourceTree = "<group>"; };
		DA08A26F20E448EA00BA91EB /* Disney Food Budget Tracker.app */ = {isa = PBXFileReference; explicitFileType = wrapper.application; includeInIndex = 0; path = "Disney Food Budget Tracker.app"; sourceTree = BUILT_PRODUCTS_DIR; };
		DA08A27220E448EA00BA91EB /* AppDelegate.swift */ = {isa = PBXFileReference; lastKnownFileType = sourcecode.swift; path = AppDelegate.swift; sourceTree = "<group>"; };
		DA08A27420E448EA00BA91EB /* ViewController.swift */ = {isa = PBXFileReference; lastKnownFileType = sourcecode.swift; path = ViewController.swift; sourceTree = "<group>"; };
		DA08A27720E448EA00BA91EB /* Base */ = {isa = PBXFileReference; lastKnownFileType = file.storyboard; name = Base; path = Base.lproj/Main.storyboard; sourceTree = "<group>"; };
		DA08A27920E448EC00BA91EB /* Assets.xcassets */ = {isa = PBXFileReference; lastKnownFileType = folder.assetcatalog; path = Assets.xcassets; sourceTree = "<group>"; };
		DA08A27C20E448EC00BA91EB /* Base */ = {isa = PBXFileReference; lastKnownFileType = file.storyboard; name = Base; path = Base.lproj/LaunchScreen.storyboard; sourceTree = "<group>"; };
		DA08A27E20E448EC00BA91EB /* Info.plist */ = {isa = PBXFileReference; lastKnownFileType = text.plist.xml; path = Info.plist; sourceTree = "<group>"; };
		DA08A28320E448EC00BA91EB /* Disney Food Budget TrackerTests.xctest */ = {isa = PBXFileReference; explicitFileType = wrapper.cfbundle; includeInIndex = 0; path = "Disney Food Budget TrackerTests.xctest"; sourceTree = BUILT_PRODUCTS_DIR; };
		DA08A28720E448EC00BA91EB /* Disney_Food_Budget_TrackerTests.swift */ = {isa = PBXFileReference; lastKnownFileType = sourcecode.swift; path = Disney_Food_Budget_TrackerTests.swift; sourceTree = "<group>"; };
		DA08A28920E448EC00BA91EB /* Info.plist */ = {isa = PBXFileReference; lastKnownFileType = text.plist.xml; path = Info.plist; sourceTree = "<group>"; };
		DA08A28E20E448EC00BA91EB /* Disney Food Budget TrackerUITests.xctest */ = {isa = PBXFileReference; explicitFileType = wrapper.cfbundle; includeInIndex = 0; path = "Disney Food Budget TrackerUITests.xctest"; sourceTree = BUILT_PRODUCTS_DIR; };
		DA08A29220E448EC00BA91EB /* Disney_Food_Budget_TrackerUITests.swift */ = {isa = PBXFileReference; lastKnownFileType = sourcecode.swift; path = Disney_Food_Budget_TrackerUITests.swift; sourceTree = "<group>"; };
		DA08A29420E448EC00BA91EB /* Info.plist */ = {isa = PBXFileReference; lastKnownFileType = text.plist.xml; path = Info.plist; sourceTree = "<group>"; };
		DA08A2A020E449C600BA91EB /* GoogleService-Info.plist */ = {isa = PBXFileReference; fileEncoding = 4; lastKnownFileType = text.plist.xml; name = "GoogleService-Info.plist"; path = "../../../../../../Desktop/GoogleService-Info.plist"; sourceTree = "<group>"; };
		DA59209520E6C43600A0A043 /* DashboardTableViewController.swift */ = {isa = PBXFileReference; lastKnownFileType = sourcecode.swift; path = DashboardTableViewController.swift; sourceTree = "<group>"; };
		DAA270D020E4534700FF3EDC /* CreateNewViewController.swift */ = {isa = PBXFileReference; lastKnownFileType = sourcecode.swift; path = CreateNewViewController.swift; sourceTree = "<group>"; };
		E07F5C87123D14E48183327A /* Pods_Disney_Food_Budget_Tracker.framework */ = {isa = PBXFileReference; explicitFileType = wrapper.framework; includeInIndex = 0; path = Pods_Disney_Food_Budget_Tracker.framework; sourceTree = BUILT_PRODUCTS_DIR; };
/* End PBXFileReference section */

/* Begin PBXFrameworksBuildPhase section */
		DA08A26C20E448EA00BA91EB /* Frameworks */ = {
			isa = PBXFrameworksBuildPhase;
			buildActionMask = 2147483647;
			files = (
				2E19B195D275D239023FF41F /* Pods_Disney_Food_Budget_Tracker.framework in Frameworks */,
			);
			runOnlyForDeploymentPostprocessing = 0;
		};
		DA08A28020E448EC00BA91EB /* Frameworks */ = {
			isa = PBXFrameworksBuildPhase;
			buildActionMask = 2147483647;
			files = (
				8C510153D56E8055880BC13F /* Pods_Disney_Food_Budget_TrackerTests.framework in Frameworks */,
			);
			runOnlyForDeploymentPostprocessing = 0;
		};
		DA08A28B20E448EC00BA91EB /* Frameworks */ = {
			isa = PBXFrameworksBuildPhase;
			buildActionMask = 2147483647;
			files = (
				593F763AEA6369FC2FF6A954 /* Pods_Disney_Food_Budget_TrackerUITests.framework in Frameworks */,
			);
			runOnlyForDeploymentPostprocessing = 0;
		};
/* End PBXFrameworksBuildPhase section */

/* Begin PBXGroup section */
		A121B59791773F2F6F41C288 /* Pods */ = {
			isa = PBXGroup;
			children = (
				B0E9D21D303598A2E0CFCC34 /* Pods-Disney Food Budget Tracker.debug.xcconfig */,
				D8C86581E2A954192572A55F /* Pods-Disney Food Budget Tracker.release.xcconfig */,
				9E9296116340B12F234E08A0 /* Pods-Disney Food Budget TrackerTests.debug.xcconfig */,
				1904E742ADBCC283C9EB95A3 /* Pods-Disney Food Budget TrackerTests.release.xcconfig */,
				A6F80244BF917AF54EDA9014 /* Pods-Disney Food Budget TrackerUITests.debug.xcconfig */,
				7F2DA774E8E2D692D91DCA9C /* Pods-Disney Food Budget TrackerUITests.release.xcconfig */,
			);
			name = Pods;
			sourceTree = "<group>";
		};
		CFBA478DE28D43951ECF9887 /* Frameworks */ = {
			isa = PBXGroup;
			children = (
				E07F5C87123D14E48183327A /* Pods_Disney_Food_Budget_Tracker.framework */,
				B3E75617106B6F02C43CB58F /* Pods_Disney_Food_Budget_TrackerTests.framework */,
				D4AAE34E7A5D6F27AD9F2EDC /* Pods_Disney_Food_Budget_TrackerUITests.framework */,
			);
			name = Frameworks;
			sourceTree = "<group>";
		};
		DA08A26620E448EA00BA91EB = {
			isa = PBXGroup;
			children = (
				DA08A27120E448EA00BA91EB /* Disney Food Budget Tracker */,
				DA08A28620E448EC00BA91EB /* Disney Food Budget TrackerTests */,
				DA08A29120E448EC00BA91EB /* Disney Food Budget TrackerUITests */,
				DA08A27020E448EA00BA91EB /* Products */,
				A121B59791773F2F6F41C288 /* Pods */,
				CFBA478DE28D43951ECF9887 /* Frameworks */,
			);
			sourceTree = "<group>";
		};
		DA08A27020E448EA00BA91EB /* Products */ = {
			isa = PBXGroup;
			children = (
				DA08A26F20E448EA00BA91EB /* Disney Food Budget Tracker.app */,
				DA08A28320E448EC00BA91EB /* Disney Food Budget TrackerTests.xctest */,
				DA08A28E20E448EC00BA91EB /* Disney Food Budget TrackerUITests.xctest */,
			);
			name = Products;
			sourceTree = "<group>";
		};
		DA08A27120E448EA00BA91EB /* Disney Food Budget Tracker */ = {
			isa = PBXGroup;
			children = (
				DA08A27220E448EA00BA91EB /* AppDelegate.swift */,
				DA08A27420E448EA00BA91EB /* ViewController.swift */,
				DAA270D020E4534700FF3EDC /* CreateNewViewController.swift */,
				DA59209520E6C43600A0A043 /* DashboardTableViewController.swift */,
				DA08A27620E448EA00BA91EB /* Main.storyboard */,
				DA08A27920E448EC00BA91EB /* Assets.xcassets */,
				DA08A27B20E448EC00BA91EB /* LaunchScreen.storyboard */,
				DA08A27E20E448EC00BA91EB /* Info.plist */,
				DA08A2A020E449C600BA91EB /* GoogleService-Info.plist */,
			);
			path = "Disney Food Budget Tracker";
			sourceTree = "<group>";
		};
		DA08A28620E448EC00BA91EB /* Disney Food Budget TrackerTests */ = {
			isa = PBXGroup;
			children = (
				DA08A28720E448EC00BA91EB /* Disney_Food_Budget_TrackerTests.swift */,
				DA08A28920E448EC00BA91EB /* Info.plist */,
			);
			path = "Disney Food Budget TrackerTests";
			sourceTree = "<group>";
		};
		DA08A29120E448EC00BA91EB /* Disney Food Budget TrackerUITests */ = {
			isa = PBXGroup;
			children = (
				DA08A29220E448EC00BA91EB /* Disney_Food_Budget_TrackerUITests.swift */,
				DA08A29420E448EC00BA91EB /* Info.plist */,
			);
			path = "Disney Food Budget TrackerUITests";
			sourceTree = "<group>";
		};
/* End PBXGroup section */

/* Begin PBXNativeTarget section */
		DA08A26E20E448EA00BA91EB /* Disney Food Budget Tracker */ = {
			isa = PBXNativeTarget;
			buildConfigurationList = DA08A29720E448EC00BA91EB /* Build configuration list for PBXNativeTarget "Disney Food Budget Tracker" */;
			buildPhases = (
				45317E8A79062B15525F2690 /* [CP] Check Pods Manifest.lock */,
				DA08A26B20E448EA00BA91EB /* Sources */,
				DA08A26C20E448EA00BA91EB /* Frameworks */,
				DA08A26D20E448EA00BA91EB /* Resources */,
				06A4EA14C41682DECF3424BE /* [CP] Embed Pods Frameworks */,
			);
			buildRules = (
			);
			dependencies = (
			);
			name = "Disney Food Budget Tracker";
			productName = "Disney Food Budget Tracker";
			productReference = DA08A26F20E448EA00BA91EB /* Disney Food Budget Tracker.app */;
			productType = "com.apple.product-type.application";
		};
		DA08A28220E448EC00BA91EB /* Disney Food Budget TrackerTests */ = {
			isa = PBXNativeTarget;
			buildConfigurationList = DA08A29A20E448EC00BA91EB /* Build configuration list for PBXNativeTarget "Disney Food Budget TrackerTests" */;
			buildPhases = (
				83CF741BFB3A599D9939B508 /* [CP] Check Pods Manifest.lock */,
				DA08A27F20E448EC00BA91EB /* Sources */,
				DA08A28020E448EC00BA91EB /* Frameworks */,
				DA08A28120E448EC00BA91EB /* Resources */,
			);
			buildRules = (
			);
			dependencies = (
				DA08A28520E448EC00BA91EB /* PBXTargetDependency */,
			);
			name = "Disney Food Budget TrackerTests";
			productName = "Disney Food Budget TrackerTests";
			productReference = DA08A28320E448EC00BA91EB /* Disney Food Budget TrackerTests.xctest */;
			productType = "com.apple.product-type.bundle.unit-test";
		};
		DA08A28D20E448EC00BA91EB /* Disney Food Budget TrackerUITests */ = {
			isa = PBXNativeTarget;
			buildConfigurationList = DA08A29D20E448EC00BA91EB /* Build configuration list for PBXNativeTarget "Disney Food Budget TrackerUITests" */;
			buildPhases = (
				B42083B4896B0C85E16D3C26 /* [CP] Check Pods Manifest.lock */,
				DA08A28A20E448EC00BA91EB /* Sources */,
				DA08A28B20E448EC00BA91EB /* Frameworks */,
				DA08A28C20E448EC00BA91EB /* Resources */,
			);
			buildRules = (
			);
			dependencies = (
				DA08A29020E448EC00BA91EB /* PBXTargetDependency */,
			);
			name = "Disney Food Budget TrackerUITests";
			productName = "Disney Food Budget TrackerUITests";
			productReference = DA08A28E20E448EC00BA91EB /* Disney Food Budget TrackerUITests.xctest */;
			productType = "com.apple.product-type.bundle.ui-testing";
		};
/* End PBXNativeTarget section */

/* Begin PBXProject section */
		DA08A26720E448EA00BA91EB /* Project object */ = {
			isa = PBXProject;
			attributes = {
				LastSwiftUpdateCheck = 0940;
				LastUpgradeCheck = 0940;
				ORGANIZATIONNAME = "Jack Doherty";
				TargetAttributes = {
					DA08A26E20E448EA00BA91EB = {
						CreatedOnToolsVersion = 9.4.1;
					};
					DA08A28220E448EC00BA91EB = {
						CreatedOnToolsVersion = 9.4.1;
						TestTargetID = DA08A26E20E448EA00BA91EB;
					};
					DA08A28D20E448EC00BA91EB = {
						CreatedOnToolsVersion = 9.4.1;
						TestTargetID = DA08A26E20E448EA00BA91EB;
					};
				};
			};
			buildConfigurationList = DA08A26A20E448EA00BA91EB /* Build configuration list for PBXProject "Disney Food Budget Tracker" */;
			compatibilityVersion = "Xcode 9.3";
			developmentRegion = en;
			hasScannedForEncodings = 0;
			knownRegions = (
				en,
				Base,
			);
			mainGroup = DA08A26620E448EA00BA91EB;
			productRefGroup = DA08A27020E448EA00BA91EB /* Products */;
			projectDirPath = "";
			projectRoot = "";
			targets = (
				DA08A26E20E448EA00BA91EB /* Disney Food Budget Tracker */,
				DA08A28220E448EC00BA91EB /* Disney Food Budget TrackerTests */,
				DA08A28D20E448EC00BA91EB /* Disney Food Budget TrackerUITests */,
			);
		};
/* End PBXProject section */

/* Begin PBXResourcesBuildPhase section */
		DA08A26D20E448EA00BA91EB /* Resources */ = {
			isa = PBXResourcesBuildPhase;
			buildActionMask = 2147483647;
			files = (
				DA08A27D20E448EC00BA91EB /* LaunchScreen.storyboard in Resources */,
				DA08A2A120E449C600BA91EB /* GoogleService-Info.plist in Resources */,
				DA08A27A20E448EC00BA91EB /* Assets.xcassets in Resources */,
				DA08A27820E448EA00BA91EB /* Main.storyboard in Resources */,
			);
			runOnlyForDeploymentPostprocessing = 0;
		};
		DA08A28120E448EC00BA91EB /* Resources */ = {
			isa = PBXResourcesBuildPhase;
			buildActionMask = 2147483647;
			files = (
				DA08A2A220E449C600BA91EB /* GoogleService-Info.plist in Resources */,
			);
			runOnlyForDeploymentPostprocessing = 0;
		};
		DA08A28C20E448EC00BA91EB /* Resources */ = {
			isa = PBXResourcesBuildPhase;
			buildActionMask = 2147483647;
			files = (
				DA08A2A320E449C600BA91EB /* GoogleService-Info.plist in Resources */,
			);
			runOnlyForDeploymentPostprocessing = 0;
		};
/* End PBXResourcesBuildPhase section */

/* Begin PBXShellScriptBuildPhase section */
		06A4EA14C41682DECF3424BE /* [CP] Embed Pods Frameworks */ = {
			isa = PBXShellScriptBuildPhase;
			buildActionMask = 2147483647;
			files = (
			);
			inputPaths = (
				"${SRCROOT}/Pods/Target Support Files/Pods-Disney Food Budget Tracker/Pods-Disney Food Budget Tracker-frameworks.sh",
				"${BUILT_PRODUCTS_DIR}/GoogleToolboxForMac/GoogleToolboxForMac.framework",
			);
			name = "[CP] Embed Pods Frameworks";
			outputPaths = (
				"${TARGET_BUILD_DIR}/${FRAMEWORKS_FOLDER_PATH}/GoogleToolboxForMac.framework",
			);
			runOnlyForDeploymentPostprocessing = 0;
			shellPath = /bin/sh;
			shellScript = "\"${SRCROOT}/Pods/Target Support Files/Pods-Disney Food Budget Tracker/Pods-Disney Food Budget Tracker-frameworks.sh\"\n";
			showEnvVarsInLog = 0;
		};
		45317E8A79062B15525F2690 /* [CP] Check Pods Manifest.lock */ = {
			isa = PBXShellScriptBuildPhase;
			buildActionMask = 2147483647;
			files = (
			);
			inputPaths = (
				"${PODS_PODFILE_DIR_PATH}/Podfile.lock",
				"${PODS_ROOT}/Manifest.lock",
			);
			name = "[CP] Check Pods Manifest.lock";
			outputPaths = (
				"$(DERIVED_FILE_DIR)/Pods-Disney Food Budget Tracker-checkManifestLockResult.txt",
			);
			runOnlyForDeploymentPostprocessing = 0;
			shellPath = /bin/sh;
			shellScript = "diff \"${PODS_PODFILE_DIR_PATH}/Podfile.lock\" \"${PODS_ROOT}/Manifest.lock\" > /dev/null\nif [ $? != 0 ] ; then\n    # print error to STDERR\n    echo \"error: The sandbox is not in sync with the Podfile.lock. Run 'pod install' or update your CocoaPods installation.\" >&2\n    exit 1\nfi\n# This output is used by Xcode 'outputs' to avoid re-running this script phase.\necho \"SUCCESS\" > \"${SCRIPT_OUTPUT_FILE_0}\"\n";
			showEnvVarsInLog = 0;
		};
		83CF741BFB3A599D9939B508 /* [CP] Check Pods Manifest.lock */ = {
			isa = PBXShellScriptBuildPhase;
			buildActionMask = 2147483647;
			files = (
			);
			inputPaths = (
				"${PODS_PODFILE_DIR_PATH}/Podfile.lock",
				"${PODS_ROOT}/Manifest.lock",
			);
			name = "[CP] Check Pods Manifest.lock";
			outputPaths = (
				"$(DERIVED_FILE_DIR)/Pods-Disney Food Budget TrackerTests-checkManifestLockResult.txt",
			);
			runOnlyForDeploymentPostprocessing = 0;
			shellPath = /bin/sh;
			shellScript = "diff \"${PODS_PODFILE_DIR_PATH}/Podfile.lock\" \"${PODS_ROOT}/Manifest.lock\" > /dev/null\nif [ $? != 0 ] ; then\n    # print error to STDERR\n    echo \"error: The sandbox is not in sync with the Podfile.lock. Run 'pod install' or update your CocoaPods installation.\" >&2\n    exit 1\nfi\n# This output is used by Xcode 'outputs' to avoid re-running this script phase.\necho \"SUCCESS\" > \"${SCRIPT_OUTPUT_FILE_0}\"\n";
			showEnvVarsInLog = 0;
		};
		B42083B4896B0C85E16D3C26 /* [CP] Check Pods Manifest.lock */ = {
			isa = PBXShellScriptBuildPhase;
			buildActionMask = 2147483647;
			files = (
			);
			inputPaths = (
				"${PODS_PODFILE_DIR_PATH}/Podfile.lock",
				"${PODS_ROOT}/Manifest.lock",
			);
			name = "[CP] Check Pods Manifest.lock";
			outputPaths = (
				"$(DERIVED_FILE_DIR)/Pods-Disney Food Budget TrackerUITests-checkManifestLockResult.txt",
			);
			runOnlyForDeploymentPostprocessing = 0;
			shellPath = /bin/sh;
			shellScript = "diff \"${PODS_PODFILE_DIR_PATH}/Podfile.lock\" \"${PODS_ROOT}/Manifest.lock\" > /dev/null\nif [ $? != 0 ] ; then\n    # print error to STDERR\n    echo \"error: The sandbox is not in sync with the Podfile.lock. Run 'pod install' or update your CocoaPods installation.\" >&2\n    exit 1\nfi\n# This output is used by Xcode 'outputs' to avoid re-running this script phase.\necho \"SUCCESS\" > \"${SCRIPT_OUTPUT_FILE_0}\"\n";
			showEnvVarsInLog = 0;
		};
/* End PBXShellScriptBuildPhase section */

/* Begin PBXSourcesBuildPhase section */
		DA08A26B20E448EA00BA91EB /* Sources */ = {
			isa = PBXSourcesBuildPhase;
			buildActionMask = 2147483647;
			files = (
				DA59209620E6C43600A0A043 /* DashboardTableViewController.swift in Sources */,
				DA08A27520E448EA00BA91EB /* ViewController.swift in Sources */,
				DA08A27320E448EA00BA91EB /* AppDelegate.swift in Sources */,
				DAA270D120E4534700FF3EDC /* CreateNewViewController.swift in Sources */,
			);
			runOnlyForDeploymentPostprocessing = 0;
		};
		DA08A27F20E448EC00BA91EB /* Sources */ = {
			isa = PBXSourcesBuildPhase;
			buildActionMask = 2147483647;
			files = (
				DA08A28820E448EC00BA91EB /* Disney_Food_Budget_TrackerTests.swift in Sources */,
			);
			runOnlyForDeploymentPostprocessing = 0;
		};
		DA08A28A20E448EC00BA91EB /* Sources */ = {
			isa = PBXSourcesBuildPhase;
			buildActionMask = 2147483647;
			files = (
				DA08A29320E448EC00BA91EB /* Disney_Food_Budget_TrackerUITests.swift in Sources */,
			);
			runOnlyForDeploymentPostprocessing = 0;
		};
/* End PBXSourcesBuildPhase section */

/* Begin PBXTargetDependency section */
		DA08A28520E448EC00BA91EB /* PBXTargetDependency */ = {
			isa = PBXTargetDependency;
			target = DA08A26E20E448EA00BA91EB /* Disney Food Budget Tracker */;
			targetProxy = DA08A28420E448EC00BA91EB /* PBXContainerItemProxy */;
		};
		DA08A29020E448EC00BA91EB /* PBXTargetDependency */ = {
			isa = PBXTargetDependency;
			target = DA08A26E20E448EA00BA91EB /* Disney Food Budget Tracker */;
			targetProxy = DA08A28F20E448EC00BA91EB /* PBXContainerItemProxy */;
		};
/* End PBXTargetDependency section */

/* Begin PBXVariantGroup section */
		DA08A27620E448EA00BA91EB /* Main.storyboard */ = {
			isa = PBXVariantGroup;
			children = (
				DA08A27720E448EA00BA91EB /* Base */,
			);
			name = Main.storyboard;
			sourceTree = "<group>";
		};
		DA08A27B20E448EC00BA91EB /* LaunchScreen.storyboard */ = {
			isa = PBXVariantGroup;
			children = (
				DA08A27C20E448EC00BA91EB /* Base */,
			);
			name = LaunchScreen.storyboard;
			sourceTree = "<group>";
		};
/* End PBXVariantGroup section */

/* Begin XCBuildConfiguration section */
		DA08A29520E448EC00BA91EB /* Debug */ = {
			isa = XCBuildConfiguration;
			buildSettings = {
				ALWAYS_SEARCH_USER_PATHS = NO;
				CLANG_ANALYZER_NONNULL = YES;
				CLANG_ANALYZER_NUMBER_OBJECT_CONVERSION = YES_AGGRESSIVE;
				CLANG_CXX_LANGUAGE_STANDARD = "gnu++14";
				CLANG_CXX_LIBRARY = "libc++";
				CLANG_ENABLE_MODULES = YES;
				CLANG_ENABLE_OBJC_ARC = YES;
				CLANG_ENABLE_OBJC_WEAK = YES;
				CLANG_WARN_BLOCK_CAPTURE_AUTORELEASING = YES;
				CLANG_WARN_BOOL_CONVERSION = YES;
				CLANG_WARN_COMMA = YES;
				CLANG_WARN_CONSTANT_CONVERSION = YES;
				CLANG_WARN_DEPRECATED_OBJC_IMPLEMENTATIONS = YES;
				CLANG_WARN_DIRECT_OBJC_ISA_USAGE = YES_ERROR;
				CLANG_WARN_DOCUMENTATION_COMMENTS = YES;
				CLANG_WARN_EMPTY_BODY = YES;
				CLANG_WARN_ENUM_CONVERSION = YES;
				CLANG_WARN_INFINITE_RECURSION = YES;
				CLANG_WARN_INT_CONVERSION = YES;
				CLANG_WARN_NON_LITERAL_NULL_CONVERSION = YES;
				CLANG_WARN_OBJC_IMPLICIT_RETAIN_SELF = YES;
				CLANG_WARN_OBJC_LITERAL_CONVERSION = YES;
				CLANG_WARN_OBJC_ROOT_CLASS = YES_ERROR;
				CLANG_WARN_RANGE_LOOP_ANALYSIS = YES;
				CLANG_WARN_STRICT_PROTOTYPES = YES;
				CLANG_WARN_SUSPICIOUS_MOVE = YES;
				CLANG_WARN_UNGUARDED_AVAILABILITY = YES_AGGRESSIVE;
				CLANG_WARN_UNREACHABLE_CODE = YES;
				CLANG_WARN__DUPLICATE_METHOD_MATCH = YES;
				CODE_SIGN_IDENTITY = "iPhone Developer";
				COPY_PHASE_STRIP = NO;
				DEBUG_INFORMATION_FORMAT = dwarf;
				ENABLE_STRICT_OBJC_MSGSEND = YES;
				ENABLE_TESTABILITY = YES;
				GCC_C_LANGUAGE_STANDARD = gnu11;
				GCC_DYNAMIC_NO_PIC = NO;
				GCC_NO_COMMON_BLOCKS = YES;
				GCC_OPTIMIZATION_LEVEL = 0;
				GCC_PREPROCESSOR_DEFINITIONS = (
					"DEBUG=1",
					"$(inherited)",
				);
				GCC_WARN_64_TO_32_BIT_CONVERSION = YES;
				GCC_WARN_ABOUT_RETURN_TYPE = YES_ERROR;
				GCC_WARN_UNDECLARED_SELECTOR = YES;
				GCC_WARN_UNINITIALIZED_AUTOS = YES_AGGRESSIVE;
				GCC_WARN_UNUSED_FUNCTION = YES;
				GCC_WARN_UNUSED_VARIABLE = YES;
				IPHONEOS_DEPLOYMENT_TARGET = 11.4;
				MTL_ENABLE_DEBUG_INFO = YES;
				ONLY_ACTIVE_ARCH = YES;
				SDKROOT = iphoneos;
				SWIFT_ACTIVE_COMPILATION_CONDITIONS = DEBUG;
				SWIFT_OPTIMIZATION_LEVEL = "-Onone";
			};
			name = Debug;
		};
		DA08A29620E448EC00BA91EB /* Release */ = {
			isa = XCBuildConfiguration;
			buildSettings = {
				ALWAYS_SEARCH_USER_PATHS = NO;
				CLANG_ANALYZER_NONNULL = YES;
				CLANG_ANALYZER_NUMBER_OBJECT_CONVERSION = YES_AGGRESSIVE;
				CLANG_CXX_LANGUAGE_STANDARD = "gnu++14";
				CLANG_CXX_LIBRARY = "libc++";
				CLANG_ENABLE_MODULES = YES;
				CLANG_ENABLE_OBJC_ARC = YES;
				CLANG_ENABLE_OBJC_WEAK = YES;
				CLANG_WARN_BLOCK_CAPTURE_AUTORELEASING = YES;
				CLANG_WARN_BOOL_CONVERSION = YES;
				CLANG_WARN_COMMA = YES;
				CLANG_WARN_CONSTANT_CONVERSION = YES;
				CLANG_WARN_DEPRECATED_OBJC_IMPLEMENTATIONS = YES;
				CLANG_WARN_DIRECT_OBJC_ISA_USAGE = YES_ERROR;
				CLANG_WARN_DOCUMENTATION_COMMENTS = YES;
				CLANG_WARN_EMPTY_BODY = YES;
				CLANG_WARN_ENUM_CONVERSION = YES;
				CLANG_WARN_INFINITE_RECURSION = YES;
				CLANG_WARN_INT_CONVERSION = YES;
				CLANG_WARN_NON_LITERAL_NULL_CONVERSION = YES;
				CLANG_WARN_OBJC_IMPLICIT_RETAIN_SELF = YES;
				CLANG_WARN_OBJC_LITERAL_CONVERSION = YES;
				CLANG_WARN_OBJC_ROOT_CLASS = YES_ERROR;
				CLANG_WARN_RANGE_LOOP_ANALYSIS = YES;
				CLANG_WARN_STRICT_PROTOTYPES = YES;
				CLANG_WARN_SUSPICIOUS_MOVE = YES;
				CLANG_WARN_UNGUARDED_AVAILABILITY = YES_AGGRESSIVE;
				CLANG_WARN_UNREACHABLE_CODE = YES;
				CLANG_WARN__DUPLICATE_METHOD_MATCH = YES;
				CODE_SIGN_IDENTITY = "iPhone Developer";
				COPY_PHASE_STRIP = NO;
				DEBUG_INFORMATION_FORMAT = "dwarf-with-dsym";
				ENABLE_NS_ASSERTIONS = NO;
				ENABLE_STRICT_OBJC_MSGSEND = YES;
				GCC_C_LANGUAGE_STANDARD = gnu11;
				GCC_NO_COMMON_BLOCKS = YES;
				GCC_WARN_64_TO_32_BIT_CONVERSION = YES;
				GCC_WARN_ABOUT_RETURN_TYPE = YES_ERROR;
				GCC_WARN_UNDECLARED_SELECTOR = YES;
				GCC_WARN_UNINITIALIZED_AUTOS = YES_AGGRESSIVE;
				GCC_WARN_UNUSED_FUNCTION = YES;
				GCC_WARN_UNUSED_VARIABLE = YES;
				IPHONEOS_DEPLOYMENT_TARGET = 11.4;
				MTL_ENABLE_DEBUG_INFO = NO;
				SDKROOT = iphoneos;
				SWIFT_COMPILATION_MODE = wholemodule;
				SWIFT_OPTIMIZATION_LEVEL = "-O";
				VALIDATE_PRODUCT = YES;
			};
			name = Release;
		};
		DA08A29820E448EC00BA91EB /* Debug */ = {
			isa = XCBuildConfiguration;
			baseConfigurationReference = B0E9D21D303598A2E0CFCC34 /* Pods-Disney Food Budget Tracker.debug.xcconfig */;
			buildSettings = {
				ASSETCATALOG_COMPILER_APPICON_NAME = AppIcon;
				CODE_SIGN_STYLE = Automatic;
				DEVELOPMENT_TEAM = F4C4286R8Q;
				INFOPLIST_FILE = "Disney Food Budget Tracker/Info.plist";
				LD_RUNPATH_SEARCH_PATHS = (
					"$(inherited)",
					"@executable_path/Frameworks",
				);
				PRODUCT_BUNDLE_IDENTIFIER = "com.github.thatnerdjack.Disney-Food-Budget-Tracker";
				PRODUCT_NAME = "$(TARGET_NAME)";
				SWIFT_VERSION = 4.0;
				TARGETED_DEVICE_FAMILY = 1;
			};
			name = Debug;
		};
		DA08A29920E448EC00BA91EB /* Release */ = {
			isa = XCBuildConfiguration;
			baseConfigurationReference = D8C86581E2A954192572A55F /* Pods-Disney Food Budget Tracker.release.xcconfig */;
			buildSettings = {
				ASSETCATALOG_COMPILER_APPICON_NAME = AppIcon;
				CODE_SIGN_STYLE = Automatic;
				DEVELOPMENT_TEAM = F4C4286R8Q;
				INFOPLIST_FILE = "Disney Food Budget Tracker/Info.plist";
				LD_RUNPATH_SEARCH_PATHS = (
					"$(inherited)",
					"@executable_path/Frameworks",
				);
				PRODUCT_BUNDLE_IDENTIFIER = "com.github.thatnerdjack.Disney-Food-Budget-Tracker";
				PRODUCT_NAME = "$(TARGET_NAME)";
				SWIFT_VERSION = 4.0;
				TARGETED_DEVICE_FAMILY = 1;
			};
			name = Release;
		};
		DA08A29B20E448EC00BA91EB /* Debug */ = {
			isa = XCBuildConfiguration;
			baseConfigurationReference = 9E9296116340B12F234E08A0 /* Pods-Disney Food Budget TrackerTests.debug.xcconfig */;
			buildSettings = {
				ALWAYS_EMBED_SWIFT_STANDARD_LIBRARIES = YES;
				BUNDLE_LOADER = "$(TEST_HOST)";
				CODE_SIGN_STYLE = Automatic;
				DEVELOPMENT_TEAM = F4C4286R8Q;
				INFOPLIST_FILE = "Disney Food Budget TrackerTests/Info.plist";
				LD_RUNPATH_SEARCH_PATHS = (
					"$(inherited)",
					"@executable_path/Frameworks",
					"@loader_path/Frameworks",
				);
				PRODUCT_BUNDLE_IDENTIFIER = "com.github.thatnerdjack.Disney-Food-Budget-TrackerTests";
				PRODUCT_NAME = "$(TARGET_NAME)";
				SWIFT_VERSION = 4.0;
				TARGETED_DEVICE_FAMILY = "1,2";
				TEST_HOST = "$(BUILT_PRODUCTS_DIR)/Disney Food Budget Tracker.app/Disney Food Budget Tracker";
			};
			name = Debug;
		};
		DA08A29C20E448EC00BA91EB /* Release */ = {
			isa = XCBuildConfiguration;
			baseConfigurationReference = 1904E742ADBCC283C9EB95A3 /* Pods-Disney Food Budget TrackerTests.release.xcconfig */;
			buildSettings = {
				ALWAYS_EMBED_SWIFT_STANDARD_LIBRARIES = YES;
				BUNDLE_LOADER = "$(TEST_HOST)";
				CODE_SIGN_STYLE = Automatic;
				DEVELOPMENT_TEAM = F4C4286R8Q;
				INFOPLIST_FILE = "Disney Food Budget TrackerTests/Info.plist";
				LD_RUNPATH_SEARCH_PATHS = (
					"$(inherited)",
					"@executable_path/Frameworks",
					"@loader_path/Frameworks",
				);
				PRODUCT_BUNDLE_IDENTIFIER = "com.github.thatnerdjack.Disney-Food-Budget-TrackerTests";
				PRODUCT_NAME = "$(TARGET_NAME)";
				SWIFT_VERSION = 4.0;
				TARGETED_DEVICE_FAMILY = "1,2";
				TEST_HOST = "$(BUILT_PRODUCTS_DIR)/Disney Food Budget Tracker.app/Disney Food Budget Tracker";
			};
			name = Release;
		};
		DA08A29E20E448EC00BA91EB /* Debug */ = {
			isa = XCBuildConfiguration;
			baseConfigurationReference = A6F80244BF917AF54EDA9014 /* Pods-Disney Food Budget TrackerUITests.debug.xcconfig */;
			buildSettings = {
				ALWAYS_EMBED_SWIFT_STANDARD_LIBRARIES = YES;
				CODE_SIGN_STYLE = Automatic;
				DEVELOPMENT_TEAM = F4C4286R8Q;
				INFOPLIST_FILE = "Disney Food Budget TrackerUITests/Info.plist";
				LD_RUNPATH_SEARCH_PATHS = (
					"$(inherited)",
					"@executable_path/Frameworks",
					"@loader_path/Frameworks",
				);
				PRODUCT_BUNDLE_IDENTIFIER = "com.github.thatnerdjack.Disney-Food-Budget-TrackerUITests";
				PRODUCT_NAME = "$(TARGET_NAME)";
				SWIFT_VERSION = 4.0;
				TARGETED_DEVICE_FAMILY = "1,2";
				TEST_TARGET_NAME = "Disney Food Budget Tracker";
			};
			name = Debug;
		};
		DA08A29F20E448EC00BA91EB /* Release */ = {
			isa = XCBuildConfiguration;
			baseConfigurationReference = 7F2DA774E8E2D692D91DCA9C /* Pods-Disney Food Budget TrackerUITests.release.xcconfig */;
			buildSettings = {
				ALWAYS_EMBED_SWIFT_STANDARD_LIBRARIES = YES;
				CODE_SIGN_STYLE = Automatic;
				DEVELOPMENT_TEAM = F4C4286R8Q;
				INFOPLIST_FILE = "Disney Food Budget TrackerUITests/Info.plist";
				LD_RUNPATH_SEARCH_PATHS = (
					"$(inherited)",
					"@executable_path/Frameworks",
					"@loader_path/Frameworks",
				);
				PRODUCT_BUNDLE_IDENTIFIER = "com.github.thatnerdjack.Disney-Food-Budget-TrackerUITests";
				PRODUCT_NAME = "$(TARGET_NAME)";
				SWIFT_VERSION = 4.0;
				TARGETED_DEVICE_FAMILY = "1,2";
				TEST_TARGET_NAME = "Disney Food Budget Tracker";
			};
			name = Release;
		};
/* End XCBuildConfiguration section */

/* Begin XCConfigurationList section */
		DA08A26A20E448EA00BA91EB /* Build configuration list for PBXProject "Disney Food Budget Tracker" */ = {
			isa = XCConfigurationList;
			buildConfigurations = (
				DA08A29520E448EC00BA91EB /* Debug */,
				DA08A29620E448EC00BA91EB /* Release */,
			);
			defaultConfigurationIsVisible = 0;
			defaultConfigurationName = Release;
		};
		DA08A29720E448EC00BA91EB /* Build configuration list for PBXNativeTarget "Disney Food Budget Tracker" */ = {
			isa = XCConfigurationList;
			buildConfigurations = (
				DA08A29820E448EC00BA91EB /* Debug */,
				DA08A29920E448EC00BA91EB /* Release */,
			);
			defaultConfigurationIsVisible = 0;
			defaultConfigurationName = Release;
		};
		DA08A29A20E448EC00BA91EB /* Build configuration list for PBXNativeTarget "Disney Food Budget TrackerTests" */ = {
			isa = XCConfigurationList;
			buildConfigurations = (
				DA08A29B20E448EC00BA91EB /* Debug */,
				DA08A29C20E448EC00BA91EB /* Release */,
			);
			defaultConfigurationIsVisible = 0;
			defaultConfigurationName = Release;
		};
		DA08A29D20E448EC00BA91EB /* Build configuration list for PBXNativeTarget "Disney Food Budget TrackerUITests" */ = {
			isa = XCConfigurationList;
			buildConfigurations = (
				DA08A29E20E448EC00BA91EB /* Debug */,
				DA08A29F20E448EC00BA91EB /* Release */,
			);
			defaultConfigurationIsVisible = 0;
			defaultConfigurationName = Release;
		};
/* End XCConfigurationList section */
	};
	rootObject = DA08A26720E448EA00BA91EB /* Project object */;
}
